
Microsoft Visual Studio Solution File, Format Version 12.00
# Visual Studio Version 17
VisualStudioVersion = 17.2.32616.157
MinimumVisualStudioVersion = 10.0.40219.1
Project("{FAE04EC0-301F-11D3-BF4B-00C04F79EFBC}") = "Talkero", "Talkero\Talkero.csproj", "{B7142631-D8FA-4E55-8945-EF4A50F6EC8D}"
EndProject
Global
	GlobalSection(SolutionConfigurationPlatforms) = preSolution
		Debug|Any CPU = Debug|Any CPU
		Release|Any CPU = Release|Any CPU
	EndGlobalSection
	GlobalSection(ProjectConfigurationPlatforms) = postSolution
		{B7142631-D8FA-4E55-8945-EF4A50F6EC8D}.Debug|Any CPU.ActiveCfg = Debug|Any CPU
		{B7142631-D8FA-4E55-8945-EF4A50F6EC8D}.Debug|Any CPU.Build.0 = Debug|Any CPU
		{B7142631-D8FA-4E55-8945-EF4A50F6EC8D}.Release|Any CPU.ActiveCfg = Release|Any CPU
		{B7142631-D8FA-4E55-8945-EF4A50F6EC8D}.Release|Any CPU.Build.0 = Release|Any CPU
	EndGlobalSection
	GlobalSection(SolutionProperties) = preSolution
		HideSolutionNode = FALSE
	EndGlobalSection
	GlobalSection(ExtensibilityGlobals) = postSolution
		SolutionGuid = {E06BE24B-0DF2-4C50-AF29-B6341A5563E7}
	EndGlobalSection
EndGlobal
